// !$*UTF8*$!
{
	archiveVersion = 1;
	classes = {
	};
	objectVersion = 46;
	objects = {

/* Begin PBXBuildFile section */
		27435AFD1C614D1300721D26 /* AppDelegate.swift in Sources */ = {isa = PBXBuildFile; fileRef = 27435AFC1C614D1300721D26 /* AppDelegate.swift */; };
		27435AFF1C614D1300721D26 /* ViewController.swift in Sources */ = {isa = PBXBuildFile; fileRef = 27435AFE1C614D1300721D26 /* ViewController.swift */; };
		27435B021C614D1300721D26 /* Main.storyboard in Resources */ = {isa = PBXBuildFile; fileRef = 27435B001C614D1300721D26 /* Main.storyboard */; };
		27435B051C614D1300721D26 /* Twitter.xcdatamodeld in Sources */ = {isa = PBXBuildFile; fileRef = 27435B031C614D1300721D26 /* Twitter.xcdatamodeld */; };
		27435B071C614D1300721D26 /* Assets.xcassets in Resources */ = {isa = PBXBuildFile; fileRef = 27435B061C614D1300721D26 /* Assets.xcassets */; };
		27435B0A1C614D1300721D26 /* LaunchScreen.storyboard in Resources */ = {isa = PBXBuildFile; fileRef = 27435B081C614D1300721D26 /* LaunchScreen.storyboard */; };
		27435B171C6174E400721D26 /* TwitterClient.swift in Sources */ = {isa = PBXBuildFile; fileRef = 27435B161C6174E400721D26 /* TwitterClient.swift */; };
		27E0EFF61C67CB6E0039F3DB /* User.swift in Sources */ = {isa = PBXBuildFile; fileRef = 27E0EFF51C67CB6E0039F3DB /* User.swift */; };
		27E0EFF81C67CB860039F3DB /* Tweet.swift in Sources */ = {isa = PBXBuildFile; fileRef = 27E0EFF71C67CB860039F3DB /* Tweet.swift */; };
		27E0EFFB1C67E3310039F3DB /* TweetsViewController.swift in Sources */ = {isa = PBXBuildFile; fileRef = 27E0EFFA1C67E3310039F3DB /* TweetsViewController.swift */; };
		27E0EFFD1C67EC790039F3DB /* ProfileViewController.swift in Sources */ = {isa = PBXBuildFile; fileRef = 27E0EFFC1C67EC790039F3DB /* ProfileViewController.swift */; };
		27E0F0231C67F9090039F3DB /* TweetsTableViewCell.swift in Sources */ = {isa = PBXBuildFile; fileRef = 27E0F0221C67F9090039F3DB /* TweetsTableViewCell.swift */; };
		A5BF7253973AFEFEC1E16308 /* Pods_Twitter.framework in Frameworks */ = {isa = PBXBuildFile; fileRef = ECDD4DBDC27721844742593D /* Pods_Twitter.framework */; };
/* End PBXBuildFile section */

/* Begin PBXFileReference section */
		20285DBF29D0631DE7563797 /* Pods-Twitter.release.xcconfig */ = {isa = PBXFileReference; includeInIndex = 1; lastKnownFileType = text.xcconfig; name = "Pods-Twitter.release.xcconfig"; path = "Pods/Target Support Files/Pods-Twitter/Pods-Twitter.release.xcconfig"; sourceTree = "<group>"; };
		27435AF91C614D1300721D26 /* Twitter.app */ = {isa = PBXFileReference; explicitFileType = wrapper.application; includeInIndex = 0; path = Twitter.app; sourceTree = BUILT_PRODUCTS_DIR; };
		27435AFC1C614D1300721D26 /* AppDelegate.swift */ = {isa = PBXFileReference; lastKnownFileType = sourcecode.swift; path = AppDelegate.swift; sourceTree = "<group>"; };
		27435AFE1C614D1300721D26 /* ViewController.swift */ = {isa = PBXFileReference; lastKnownFileType = sourcecode.swift; path = ViewController.swift; sourceTree = "<group>"; };
		27435B011C614D1300721D26 /* Base */ = {isa = PBXFileReference; lastKnownFileType = file.storyboard; name = Base; path = Base.lproj/Main.storyboard; sourceTree = "<group>"; };
		27435B041C614D1300721D26 /* Twitter.xcdatamodel */ = {isa = PBXFileReference; lastKnownFileType = wrapper.xcdatamodel; path = Twitter.xcdatamodel; sourceTree = "<group>"; };
		27435B061C614D1300721D26 /* Assets.xcassets */ = {isa = PBXFileReference; lastKnownFileType = folder.assetcatalog; path = Assets.xcassets; sourceTree = "<group>"; };
		27435B091C614D1300721D26 /* Base */ = {isa = PBXFileReference; lastKnownFileType = file.storyboard; name = Base; path = Base.lproj/LaunchScreen.storyboard; sourceTree = "<group>"; };
		27435B0B1C614D1300721D26 /* Info.plist */ = {isa = PBXFileReference; lastKnownFileType = text.plist.xml; path = Info.plist; sourceTree = "<group>"; };
		27435B161C6174E400721D26 /* TwitterClient.swift */ = {isa = PBXFileReference; fileEncoding = 4; lastKnownFileType = sourcecode.swift; path = TwitterClient.swift; sourceTree = "<group>"; };
		27E0EFF51C67CB6E0039F3DB /* User.swift */ = {isa = PBXFileReference; fileEncoding = 4; lastKnownFileType = sourcecode.swift; path = User.swift; sourceTree = "<group>"; };
		27E0EFF71C67CB860039F3DB /* Tweet.swift */ = {isa = PBXFileReference; fileEncoding = 4; lastKnownFileType = sourcecode.swift; path = Tweet.swift; sourceTree = "<group>"; };
		27E0EFFA1C67E3310039F3DB /* TweetsViewController.swift */ = {isa = PBXFileReference; fileEncoding = 4; lastKnownFileType = sourcecode.swift; path = TweetsViewController.swift; sourceTree = "<group>"; };
		27E0EFFC1C67EC790039F3DB /* ProfileViewController.swift */ = {isa = PBXFileReference; fileEncoding = 4; lastKnownFileType = sourcecode.swift; path = ProfileViewController.swift; sourceTree = "<group>"; };
		27E0F0221C67F9090039F3DB /* TweetsTableViewCell.swift */ = {isa = PBXFileReference; fileEncoding = 4; lastKnownFileType = sourcecode.swift; path = TweetsTableViewCell.swift; sourceTree = "<group>"; };
		4BC7BE827452E671FC1DEE9A /* Pods-Twitter.debug.xcconfig */ = {isa = PBXFileReference; includeInIndex = 1; lastKnownFileType = text.xcconfig; name = "Pods-Twitter.debug.xcconfig"; path = "Pods/Target Support Files/Pods-Twitter/Pods-Twitter.debug.xcconfig"; sourceTree = "<group>"; };
		ECDD4DBDC27721844742593D /* Pods_Twitter.framework */ = {isa = PBXFileReference; explicitFileType = wrapper.framework; includeInIndex = 0; path = Pods_Twitter.framework; sourceTree = BUILT_PRODUCTS_DIR; };
/* End PBXFileReference section */

/* Begin PBXFrameworksBuildPhase section */
		27435AF61C614D1300721D26 /* Frameworks */ = {
			isa = PBXFrameworksBuildPhase;
			buildActionMask = 2147483647;
			files = (
				A5BF7253973AFEFEC1E16308 /* Pods_Twitter.framework in Frameworks */,
			);
			runOnlyForDeploymentPostprocessing = 0;
		};
/* End PBXFrameworksBuildPhase section */

/* Begin PBXGroup section */
		27435AF01C614D1300721D26 = {
			isa = PBXGroup;
			children = (
				27435AFB1C614D1300721D26 /* Twitter */,
				27435AFA1C614D1300721D26 /* Products */,
				41C525096AF94D40067B312A /* Pods */,
				89760E2230010A7840149EA9 /* Frameworks */,
			);
			sourceTree = "<group>";
		};
		27435AFA1C614D1300721D26 /* Products */ = {
			isa = PBXGroup;
			children = (
				27435AF91C614D1300721D26 /* Twitter.app */,
			);
			name = Products;
			sourceTree = "<group>";
		};
		27435AFB1C614D1300721D26 /* Twitter */ = {
			isa = PBXGroup;
			children = (
				27435B111C614E9800721D26 /* API */,
				27E0EFF41C67CB410039F3DB /* Models */,
				27E0F0211C67F8E20039F3DB /* Cells */,
				27E0EFF91C67E3060039F3DB /* ViewControllers */,
				27435AFC1C614D1300721D26 /* AppDelegate.swift */,
				27435B081C614D1300721D26 /* LaunchScreen.storyboard */,
				27435B061C614D1300721D26 /* Assets.xcassets */,
				27435B001C614D1300721D26 /* Main.storyboard */,
				27435B0B1C614D1300721D26 /* Info.plist */,
				27435B031C614D1300721D26 /* Twitter.xcdatamodeld */,
			);
			path = Twitter;
			sourceTree = "<group>";
		};
		27435B111C614E9800721D26 /* API */ = {
			isa = PBXGroup;
			children = (
				27435B161C6174E400721D26 /* TwitterClient.swift */,
			);
			name = API;
			sourceTree = "<group>";
		};
		27E0EFF41C67CB410039F3DB /* Models */ = {
			isa = PBXGroup;
			children = (
				27E0EFF51C67CB6E0039F3DB /* User.swift */,
				27E0EFF71C67CB860039F3DB /* Tweet.swift */,
			);
			name = Models;
			sourceTree = "<group>";
		};
		27E0EFF91C67E3060039F3DB /* ViewControllers */ = {
			isa = PBXGroup;
			children = (
				27435AFE1C614D1300721D26 /* ViewController.swift */,
				27E0EFFA1C67E3310039F3DB /* TweetsViewController.swift */,
				27E0EFFC1C67EC790039F3DB /* ProfileViewController.swift */,
			);
			name = ViewControllers;
			sourceTree = "<group>";
		};
		27E0F0211C67F8E20039F3DB /* Cells */ = {
			isa = PBXGroup;
			children = (
				27E0F0221C67F9090039F3DB /* TweetsTableViewCell.swift */,
			);
			name = Cells;
			sourceTree = "<group>";
		};
		41C525096AF94D40067B312A /* Pods */ = {
			isa = PBXGroup;
			children = (
				4BC7BE827452E671FC1DEE9A /* Pods-Twitter.debug.xcconfig */,
				20285DBF29D0631DE7563797 /* Pods-Twitter.release.xcconfig */,
			);
			name = Pods;
			sourceTree = "<group>";
		};
		89760E2230010A7840149EA9 /* Frameworks */ = {
			isa = PBXGroup;
			children = (
				ECDD4DBDC27721844742593D /* Pods_Twitter.framework */,
			);
			name = Frameworks;
			sourceTree = "<group>";
		};
/* End PBXGroup section */

/* Begin PBXNativeTarget section */
		27435AF81C614D1300721D26 /* Twitter */ = {
			isa = PBXNativeTarget;
			buildConfigurationList = 27435B0E1C614D1300721D26 /* Build configuration list for PBXNativeTarget "Twitter" */;
			buildPhases = (
				E3E9399DE0CE0484D60882A9 /* Check Pods Manifest.lock */,
				27435AF51C614D1300721D26 /* Sources */,
				27435AF61C614D1300721D26 /* Frameworks */,
				27435AF71C614D1300721D26 /* Resources */,
				BE88003448394128774E1CB4 /* Embed Pods Frameworks */,
				D17F2EE8DF1834E421289ABD /* Copy Pods Resources */,
			);
			buildRules = (
			);
			dependencies = (
			);
			name = Twitter;
			productName = Twitter;
			productReference = 27435AF91C614D1300721D26 /* Twitter.app */;
			productType = "com.apple.product-type.application";
		};
/* End PBXNativeTarget section */

/* Begin PBXProject section */
		27435AF11C614D1300721D26 /* Project object */ = {
			isa = PBXProject;
			attributes = {
				LastSwiftUpdateCheck = 0720;
				LastUpgradeCheck = 0720;
				ORGANIZATIONNAME = "Nicholas Miller";
				TargetAttributes = {
					27435AF81C614D1300721D26 = {
						CreatedOnToolsVersion = 7.2;
					};
				};
			};
			buildConfigurationList = 27435AF41C614D1300721D26 /* Build configuration list for PBXProject "Twitter" */;
			compatibilityVersion = "Xcode 3.2";
			developmentRegion = English;
			hasScannedForEncodings = 0;
			knownRegions = (
				en,
				Base,
			);
			mainGroup = 27435AF01C614D1300721D26;
			productRefGroup = 27435AFA1C614D1300721D26 /* Products */;
			projectDirPath = "";
			projectRoot = "";
			targets = (
				27435AF81C614D1300721D26 /* Twitter */,
			);
		};
/* End PBXProject section */

/* Begin PBXResourcesBuildPhase section */
		27435AF71C614D1300721D26 /* Resources */ = {
			isa = PBXResourcesBuildPhase;
			buildActionMask = 2147483647;
			files = (
				27435B0A1C614D1300721D26 /* LaunchScreen.storyboard in Resources */,
				27435B071C614D1300721D26 /* Assets.xcassets in Resources */,
				27435B021C614D1300721D26 /* Main.storyboard in Resources */,
			);
			runOnlyForDeploymentPostprocessing = 0;
		};
/* End PBXResourcesBuildPhase section */

/* Begin PBXShellScriptBuildPhase section */
		BE88003448394128774E1CB4 /* Embed Pods Frameworks */ = {
			isa = PBXShellScriptBuildPhase;
			buildActionMask = 2147483647;
			files = (
			);
			inputPaths = (
			);
			name = "Embed Pods Frameworks";
			outputPaths = (
			);
			runOnlyForDeploymentPostprocessing = 0;
			shellPath = /bin/sh;
			shellScript = "\"${SRCROOT}/Pods/Target Support Files/Pods-Twitter/Pods-Twitter-frameworks.sh\"\n";
			showEnvVarsInLog = 0;
		};
		D17F2EE8DF1834E421289ABD /* Copy Pods Resources */ = {
			isa = PBXShellScriptBuildPhase;
			buildActionMask = 2147483647;
			files = (
			);
			inputPaths = (
			);
			name = "Copy Pods Resources";
			outputPaths = (
			);
			runOnlyForDeploymentPostprocessing = 0;
			shellPath = /bin/sh;
			shellScript = "\"${SRCROOT}/Pods/Target Support Files/Pods-Twitter/Pods-Twitter-resources.sh\"\n";
			showEnvVarsInLog = 0;
		};
		E3E9399DE0CE0484D60882A9 /* Check Pods Manifest.lock */ = {
			isa = PBXShellScriptBuildPhase;
			buildActionMask = 2147483647;
			files = (
			);
			inputPaths = (
			);
			name = "Check Pods Manifest.lock";
			outputPaths = (
			);
			runOnlyForDeploymentPostprocessing = 0;
			shellPath = /bin/sh;
			shellScript = "diff \"${PODS_ROOT}/../Podfile.lock\" \"${PODS_ROOT}/Manifest.lock\" > /dev/null\nif [[ $? != 0 ]] ; then\n    cat << EOM\nerror: The sandbox is not in sync with the Podfile.lock. Run 'pod install' or update your CocoaPods installation.\nEOM\n    exit 1\nfi\n";
			showEnvVarsInLog = 0;
		};
/* End PBXShellScriptBuildPhase section */

/* Begin PBXSourcesBuildPhase section */
		27435AF51C614D1300721D26 /* Sources */ = {
			isa = PBXSourcesBuildPhase;
			buildActionMask = 2147483647;
			files = (
				27435B171C6174E400721D26 /* TwitterClient.swift in Sources */,
				27435AFF1C614D1300721D26 /* ViewController.swift in Sources */,
				27435AFD1C614D1300721D26 /* AppDelegate.swift in Sources */,
				27E0EFF81C67CB860039F3DB /* Tweet.swift in Sources */,
				27E0EFFB1C67E3310039F3DB /* TweetsViewController.swift in Sources */,
				27E0EFF61C67CB6E0039F3DB /* User.swift in Sources */,
				27E0F0231C67F9090039F3DB /* TweetsTableViewCell.swift in Sources */,
				27E0EFFD1C67EC790039F3DB /* ProfileViewController.swift in Sources */,
				27435B051C614D1300721D26 /* Twitter.xcdatamodeld in Sources */,
			);
			runOnlyForDeploymentPostprocessing = 0;
		};
/* End PBXSourcesBuildPhase section */

/* Begin PBXVariantGroup section */
		27435B001C614D1300721D26 /* Main.storyboard */ = {
			isa = PBXVariantGroup;
			children = (
				27435B011C614D1300721D26 /* Base */,
			);
			name = Main.storyboard;
			sourceTree = "<group>";
		};
		27435B081C614D1300721D26 /* LaunchScreen.storyboard */ = {
			isa = PBXVariantGroup;
			children = (
				27435B091C614D1300721D26 /* Base */,
			);
			name = LaunchScreen.storyboard;
			sourceTree = "<group>";
		};
/* End PBXVariantGroup section */

/* Begin XCBuildConfiguration section */
		27435B0C1C614D1300721D26 /* Debug */ = {
			isa = XCBuildConfiguration;
			buildSettings = {
				ALWAYS_SEARCH_USER_PATHS = NO;
				CLANG_CXX_LANGUAGE_STANDARD = "gnu++0x";
				CLANG_CXX_LIBRARY = "libc++";
				CLANG_ENABLE_MODULES = YES;
				CLANG_ENABLE_OBJC_ARC = YES;
				CLANG_WARN_BOOL_CONVERSION = YES;
				CLANG_WARN_CONSTANT_CONVERSION = YES;
				CLANG_WARN_DIRECT_OBJC_ISA_USAGE = YES_ERROR;
				CLANG_WARN_EMPTY_BODY = YES;
				CLANG_WARN_ENUM_CONVERSION = YES;
				CLANG_WARN_INT_CONVERSION = YES;
				CLANG_WARN_OBJC_ROOT_CLASS = YES_ERROR;
				CLANG_WARN_UNREACHABLE_CODE = YES;
				CLANG_WARN__DUPLICATE_METHOD_MATCH = YES;
				"CODE_SIGN_IDENTITY[sdk=iphoneos*]" = "iPhone Developer";
				COPY_PHASE_STRIP = NO;
				DEBUG_INFORMATION_FORMAT = dwarf;
				ENABLE_STRICT_OBJC_MSGSEND = YES;
				ENABLE_TESTABILITY = YES;
				GCC_C_LANGUAGE_STANDARD = gnu99;
				GCC_DYNAMIC_NO_PIC = NO;
				GCC_NO_COMMON_BLOCKS = YES;
				GCC_OPTIMIZATION_LEVEL = 0;
				GCC_PREPROCESSOR_DEFINITIONS = (
					"DEBUG=1",
					"$(inherited)",
				);
				GCC_WARN_64_TO_32_BIT_CONVERSION = YES;
				GCC_WARN_ABOUT_RETURN_TYPE = YES_ERROR;
				GCC_WARN_UNDECLARED_SELECTOR = YES;
				GCC_WARN_UNINITIALIZED_AUTOS = YES_AGGRESSIVE;
				GCC_WARN_UNUSED_FUNCTION = YES;
				GCC_WARN_UNUSED_VARIABLE = YES;
				IPHONEOS_DEPLOYMENT_TARGET = 9.2;
				MTL_ENABLE_DEBUG_INFO = YES;
				ONLY_ACTIVE_ARCH = YES;
				SDKROOT = iphoneos;
				SWIFT_OPTIMIZATION_LEVEL = "-Onone";
			};
			name = Debug;
		};
		27435B0D1C614D1300721D26 /* Release */ = {
			isa = XCBuildConfiguration;
			buildSettings = {
				ALWAYS_SEARCH_USER_PATHS = NO;
				CLANG_CXX_LANGUAGE_STANDARD = "gnu++0x";
				CLANG_CXX_LIBRARY = "libc++";
				CLANG_ENABLE_MODULES = YES;
				CLANG_ENABLE_OBJC_ARC = YES;
				CLANG_WARN_BOOL_CONVERSION = YES;
				CLANG_WARN_CONSTANT_CONVERSION = YES;
				CLANG_WARN_DIRECT_OBJC_ISA_USAGE = YES_ERROR;
				CLANG_WARN_EMPTY_BODY = YES;
				CLANG_WARN_ENUM_CONVERSION = YES;
				CLANG_WARN_INT_CONVERSION = YES;
				CLANG_WARN_OBJC_ROOT_CLASS = YES_ERROR;
				CLANG_WARN_UNREACHABLE_CODE = YES;
				CLANG_WARN__DUPLICATE_METHOD_MATCH = YES;
				"CODE_SIGN_IDENTITY[sdk=iphoneos*]" = "iPhone Developer";
				COPY_PHASE_STRIP = NO;
				DEBUG_INFORMATION_FORMAT = "dwarf-with-dsym";
				ENABLE_NS_ASSERTIONS = NO;
				ENABLE_STRICT_OBJC_MSGSEND = YES;
				GCC_C_LANGUAGE_STANDARD = gnu99;
				GCC_NO_COMMON_BLOCKS = YES;
				GCC_WARN_64_TO_32_BIT_CONVERSION = YES;
				GCC_WARN_ABOUT_RETURN_TYPE = YES_ERROR;
				GCC_WARN_UNDECLARED_SELECTOR = YES;
				GCC_WARN_UNINITIALIZED_AUTOS = YES_AGGRESSIVE;
				GCC_WARN_UNUSED_FUNCTION = YES;
				GCC_WARN_UNUSED_VARIABLE = YES;
				IPHONEOS_DEPLOYMENT_TARGET = 9.2;
				MTL_ENABLE_DEBUG_INFO = NO;
				SDKROOT = iphoneos;
				VALIDATE_PRODUCT = YES;
			};
			name = Release;
		};
		27435B0F1C614D1300721D26 /* Debug */ = {
			isa = XCBuildConfiguration;
			baseConfigurationReference = 4BC7BE827452E671FC1DEE9A /* Pods-Twitter.debug.xcconfig */;
			buildSettings = {
				ASSETCATALOG_COMPILER_APPICON_NAME = AppIcon;
				EMBEDDED_CONTENT_CONTAINS_SWIFT = YES;
				INFOPLIST_FILE = Twitter/Info.plist;
				LD_RUNPATH_SEARCH_PATHS = "$(inherited) @executable_path/Frameworks";
				PRODUCT_BUNDLE_IDENTIFIER = "Nicholas-Miller.Twitter";
				PRODUCT_NAME = "$(TARGET_NAME)";
			};
			name = Debug;
		};
		27435B101C614D1300721D26 /* Release */ = {
			isa = XCBuildConfiguration;
			baseConfigurationReference = 20285DBF29D0631DE7563797 /* Pods-Twitter.release.xcconfig */;
			buildSettings = {
				ASSETCATALOG_COMPILER_APPICON_NAME = AppIcon;
				EMBEDDED_CONTENT_CONTAINS_SWIFT = YES;
				INFOPLIST_FILE = Twitter/Info.plist;
				LD_RUNPATH_SEARCH_PATHS = "$(inherited) @executable_path/Frameworks";
				PRODUCT_BUNDLE_IDENTIFIER = "Nicholas-Miller.Twitter";
				PRODUCT_NAME = "$(TARGET_NAME)";
			};
			name = Release;
		};
/* End XCBuildConfiguration section */

/* Begin XCConfigurationList section */
		27435AF41C614D1300721D26 /* Build configuration list for PBXProject "Twitter" */ = {
			isa = XCConfigurationList;
			buildConfigurations = (
				27435B0C1C614D1300721D26 /* Debug */,
				27435B0D1C614D1300721D26 /* Release */,
			);
			defaultConfigurationIsVisible = 0;
			defaultConfigurationName = Release;
		};
		27435B0E1C614D1300721D26 /* Build configuration list for PBXNativeTarget "Twitter" */ = {
			isa = XCConfigurationList;
			buildConfigurations = (
				27435B0F1C614D1300721D26 /* Debug */,
				27435B101C614D1300721D26 /* Release */,
			);
			defaultConfigurationIsVisible = 0;
			defaultConfigurationName = Release;
		};
/* End XCConfigurationList section */

/* Begin XCVersionGroup section */
		27435B031C614D1300721D26 /* Twitter.xcdatamodeld */ = {
			isa = XCVersionGroup;
			children = (
				27435B041C614D1300721D26 /* Twitter.xcdatamodel */,
			);
			currentVersion = 27435B041C614D1300721D26 /* Twitter.xcdatamodel */;
			path = Twitter.xcdatamodeld;
			sourceTree = "<group>";
			versionGroupType = wrapper.xcdatamodel;
		};
/* End XCVersionGroup section */
	};
	rootObject = 27435AF11C614D1300721D26 /* Project object */;
}
